// !$*UTF8*$!
{
	archiveVersion = 1;
	classes = {
	};
	objectVersion = 50;
	objects = {

/* Begin PBXBuildFile section */
		5BBEA0F323E3115A003AE224 /* AppDelegate.swift in Sources */ = {isa = PBXBuildFile; fileRef = 5BBEA0F223E3115A003AE224 /* AppDelegate.swift */; };
		5BBEA0F523E3115A003AE224 /* SceneDelegate.swift in Sources */ = {isa = PBXBuildFile; fileRef = 5BBEA0F423E3115A003AE224 /* SceneDelegate.swift */; };
		5BBEA0FA23E3115A003AE224 /* Main.storyboard in Resources */ = {isa = PBXBuildFile; fileRef = 5BBEA0F823E3115A003AE224 /* Main.storyboard */; };
		5BBEA0FC23E31161003AE224 /* Assets.xcassets in Resources */ = {isa = PBXBuildFile; fileRef = 5BBEA0FB23E31161003AE224 /* Assets.xcassets */; };
		5BBEA0FF23E31161003AE224 /* LaunchScreen.storyboard in Resources */ = {isa = PBXBuildFile; fileRef = 5BBEA0FD23E31161003AE224 /* LaunchScreen.storyboard */; };
		5BBEA10723E3142E003AE224 /* CellTableViewCell.swift in Sources */ = {isa = PBXBuildFile; fileRef = 5BBEA10623E3142E003AE224 /* CellTableViewCell.swift */; };
		5BBEA10B23E32169003AE224 /* infoViewController.swift in Sources */ = {isa = PBXBuildFile; fileRef = 5BBEA10A23E32169003AE224 /* infoViewController.swift */; };
		5BBEA10D23E321C9003AE224 /* ViewController.swift in Sources */ = {isa = PBXBuildFile; fileRef = 5BBEA10C23E321C9003AE224 /* ViewController.swift */; };
/* End PBXBuildFile section */

/* Begin PBXFileReference section */
		5BBEA0EF23E3115A003AE224 /* tableView.app */ = {isa = PBXFileReference; explicitFileType = wrapper.application; includeInIndex = 0; path = tableView.app; sourceTree = BUILT_PRODUCTS_DIR; };
		5BBEA0F223E3115A003AE224 /* AppDelegate.swift */ = {isa = PBXFileReference; lastKnownFileType = sourcecode.swift; path = AppDelegate.swift; sourceTree = "<group>"; };
		5BBEA0F423E3115A003AE224 /* SceneDelegate.swift */ = {isa = PBXFileReference; lastKnownFileType = sourcecode.swift; path = SceneDelegate.swift; sourceTree = "<group>"; };
		5BBEA0F923E3115A003AE224 /* Base */ = {isa = PBXFileReference; lastKnownFileType = file.storyboard; name = Base; path = Base.lproj/Main.storyboard; sourceTree = "<group>"; };
		5BBEA0FB23E31161003AE224 /* Assets.xcassets */ = {isa = PBXFileReference; lastKnownFileType = folder.assetcatalog; path = Assets.xcassets; sourceTree = "<group>"; };
		5BBEA0FE23E31161003AE224 /* Base */ = {isa = PBXFileReference; lastKnownFileType = file.storyboard; name = Base; path = Base.lproj/LaunchScreen.storyboard; sourceTree = "<group>"; };
		5BBEA10023E31161003AE224 /* Info.plist */ = {isa = PBXFileReference; lastKnownFileType = text.plist.xml; path = Info.plist; sourceTree = "<group>"; };
		5BBEA10623E3142E003AE224 /* CellTableViewCell.swift */ = {isa = PBXFileReference; lastKnownFileType = sourcecode.swift; path = CellTableViewCell.swift; sourceTree = "<group>"; };
		5BBEA10A23E32169003AE224 /* infoViewController.swift */ = {isa = PBXFileReference; lastKnownFileType = sourcecode.swift; path = infoViewController.swift; sourceTree = "<group>"; };
		5BBEA10C23E321C9003AE224 /* ViewController.swift */ = {isa = PBXFileReference; fileEncoding = 4; lastKnownFileType = sourcecode.swift; path = ViewController.swift; sourceTree = "<group>"; };
/* End PBXFileReference section */

/* Begin PBXFrameworksBuildPhase section */
		5BBEA0EC23E31159003AE224 /* Frameworks */ = {
			isa = PBXFrameworksBuildPhase;
			buildActionMask = 2147483647;
			files = (
			);
			runOnlyForDeploymentPostprocessing = 0;
		};
/* End PBXFrameworksBuildPhase section */

/* Begin PBXGroup section */
		5B0C845A23E7084C0002FB9D /* Controller */ = {
			isa = PBXGroup;
			children = (
				5BBEA10C23E321C9003AE224 /* ViewController.swift */,
				5BBEA10A23E32169003AE224 /* infoViewController.swift */,
			);
			path = Controller;
			sourceTree = "<group>";
		};
		5B0C845B23E708610002FB9D /* View */ = {
			isa = PBXGroup;
			children = (
				5BBEA10623E3142E003AE224 /* CellTableViewCell.swift */,
			);
			path = View;
			sourceTree = "<group>";
		};
		5B0C845C23E708820002FB9D /* StoryBoards */ = {
			isa = PBXGroup;
			children = (
				5BBEA0F823E3115A003AE224 /* Main.storyboard */,
				5BBEA0FD23E31161003AE224 /* LaunchScreen.storyboard */,
			);
			path = StoryBoards;
			sourceTree = "<group>";
		};
		5BBEA0E623E31159003AE224 = {
			isa = PBXGroup;
			children = (
				5BBEA0F123E3115A003AE224 /* tableView */,
				5BBEA0F023E3115A003AE224 /* Products */,
			);
			sourceTree = "<group>";
		};
		5BBEA0F023E3115A003AE224 /* Products */ = {
			isa = PBXGroup;
			children = (
				5BBEA0EF23E3115A003AE224 /* tableView.app */,
			);
			name = Products;
			sourceTree = "<group>";
		};
		5BBEA0F123E3115A003AE224 /* tableView */ = {
			isa = PBXGroup;
			children = (
				5B0C845B23E708610002FB9D /* View */,
				5B0C845A23E7084C0002FB9D /* Controller */,
				5B0C845C23E708820002FB9D /* StoryBoards */,
				5BBEA0F223E3115A003AE224 /* AppDelegate.swift */,
				5BBEA0F423E3115A003AE224 /* SceneDelegate.swift */,
				5BBEA0FB23E31161003AE224 /* Assets.xcassets */,
				5BBEA10023E31161003AE224 /* Info.plist */,
			);
			path = tableView;
			sourceTree = "<group>";
		};
/* End PBXGroup section */

/* Begin PBXNativeTarget section */
		5BBEA0EE23E31159003AE224 /* tableView */ = {
			isa = PBXNativeTarget;
			buildConfigurationList = 5BBEA10323E31161003AE224 /* Build configuration list for PBXNativeTarget "tableView" */;
			buildPhases = (
				5BBEA0EB23E31159003AE224 /* Sources */,
				5BBEA0EC23E31159003AE224 /* Frameworks */,
				5BBEA0ED23E31159003AE224 /* Resources */,
			);
			buildRules = (
			);
			dependencies = (
			);
			name = tableView;
			productName = tableView;
			productReference = 5BBEA0EF23E3115A003AE224 /* tableView.app */;
			productType = "com.apple.product-type.application";
		};
/* End PBXNativeTarget section */

/* Begin PBXProject section */
		5BBEA0E723E31159003AE224 /* Project object */ = {
			isa = PBXProject;
			attributes = {
				LastSwiftUpdateCheck = 1130;
				LastUpgradeCheck = 1130;
				ORGANIZATIONNAME = "Amardeep Singh";
				TargetAttributes = {
					5BBEA0EE23E31159003AE224 = {
						CreatedOnToolsVersion = 11.3.1;
					};
				};
			};
			buildConfigurationList = 5BBEA0EA23E31159003AE224 /* Build configuration list for PBXProject "tableView" */;
			compatibilityVersion = "Xcode 9.3";
			developmentRegion = en;
			hasScannedForEncodings = 0;
			knownRegions = (
				en,
				Base,
			);
			mainGroup = 5BBEA0E623E31159003AE224;
			productRefGroup = 5BBEA0F023E3115A003AE224 /* Products */;
			projectDirPath = "";
			projectRoot = "";
			targets = (
				5BBEA0EE23E31159003AE224 /* tableView */,
			);
		};
/* End PBXProject section */

/* Begin PBXResourcesBuildPhase section */
		5BBEA0ED23E31159003AE224 /* Resources */ = {
			isa = PBXResourcesBuildPhase;
			buildActionMask = 2147483647;
			files = (
				5BBEA0FF23E31161003AE224 /* LaunchScreen.storyboard in Resources */,
				5BBEA0FC23E31161003AE224 /* Assets.xcassets in Resources */,
				5BBEA0FA23E3115A003AE224 /* Main.storyboard in Resources */,
			);
			runOnlyForDeploymentPostprocessing = 0;
		};
/* End PBXResourcesBuildPhase section */

/* Begin PBXSourcesBuildPhase section */
		5BBEA0EB23E31159003AE224 /* Sources */ = {
			isa = PBXSourcesBuildPhase;
			buildActionMask = 2147483647;
			files = (
				5BBEA10D23E321C9003AE224 /* ViewController.swift in Sources */,
				5BBEA10723E3142E003AE224 /* CellTableViewCell.swift in Sources */,
				5BBEA0F323E3115A003AE224 /* AppDelegate.swift in Sources */,
				5BBEA10B23E32169003AE224 /* infoViewController.swift in Sources */,
				5BBEA0F523E3115A003AE224 /* SceneDelegate.swift in Sources */,
			);
			runOnlyForDeploymentPostprocessing = 0;
		};
/* End PBXSourcesBuildPhase section */

/* Begin PBXVariantGroup section */
		5BBEA0F823E3115A003AE224 /* Main.storyboard */ = {
			isa = PBXVariantGroup;
			children = (
				5BBEA0F923E3115A003AE224 /* Base */,
			);
			name = Main.storyboard;
			sourceTree = "<group>";
		};
		5BBEA0FD23E31161003AE224 /* LaunchScreen.storyboard */ = {
			isa = PBXVariantGroup;
			children = (
				5BBEA0FE23E31161003AE224 /* Base */,
			);
			name = LaunchScreen.storyboard;
			sourceTree = "<group>";
		};
/* End PBXVariantGroup section */

/* Begin XCBuildConfiguration section */
		5BBEA10123E31161003AE224 /* Debug */ = {
			isa = XCBuildConfiguration;
			buildSettings = {
				ALWAYS_SEARCH_USER_PATHS = NO;
				CLANG_ANALYZER_NONNULL = YES;
				CLANG_ANALYZER_NUMBER_OBJECT_CONVERSION = YES_AGGRESSIVE;
				CLANG_CXX_LANGUAGE_STANDARD = "gnu++14";
				CLANG_CXX_LIBRARY = "libc++";
				CLANG_ENABLE_MODULES = YES;
				CLANG_ENABLE_OBJC_ARC = YES;
				CLANG_ENABLE_OBJC_WEAK = YES;
				CLANG_WARN_BLOCK_CAPTURE_AUTORELEASING = YES;
				CLANG_WARN_BOOL_CONVERSION = YES;
				CLANG_WARN_COMMA = YES;
				CLANG_WARN_CONSTANT_CONVERSION = YES;
				CLANG_WARN_DEPRECATED_OBJC_IMPLEMENTATIONS = YES;
				CLANG_WARN_DIRECT_OBJC_ISA_USAGE = YES_ERROR;
				CLANG_WARN_DOCUMENTATION_COMMENTS = YES;
				CLANG_WARN_EMPTY_BODY = YES;
				CLANG_WARN_ENUM_CONVERSION = YES;
				CLANG_WARN_INFINITE_RECURSION = YES;
				CLANG_WARN_INT_CONVERSION = YES;
				CLANG_WARN_NON_LITERAL_NULL_CONVERSION = YES;
				CLANG_WARN_OBJC_IMPLICIT_RETAIN_SELF = YES;
				CLANG_WARN_OBJC_LITERAL_CONVERSION = YES;
				CLANG_WARN_OBJC_ROOT_CLASS = YES_ERROR;
				CLANG_WARN_RANGE_LOOP_ANALYSIS = YES;
				CLANG_WARN_STRICT_PROTOTYPES = YES;
				CLANG_WARN_SUSPICIOUS_MOVE = YES;
				CLANG_WARN_UNGUARDED_AVAILABILITY = YES_AGGRESSIVE;
				CLANG_WARN_UNREACHABLE_CODE = YES;
				CLANG_WARN__DUPLICATE_METHOD_MATCH = YES;
				COPY_PHASE_STRIP = NO;
				DEBUG_INFORMATION_FORMAT = dwarf;
				ENABLE_STRICT_OBJC_MSGSEND = YES;
				ENABLE_TESTABILITY = YES;
				GCC_C_LANGUAGE_STANDARD = gnu11;
				GCC_DYNAMIC_NO_PIC = NO;
				GCC_NO_COMMON_BLOCKS = YES;
				GCC_OPTIMIZATION_LEVEL = 0;
				GCC_PREPROCESSOR_DEFINITIONS = (
					"DEBUG=1",
					"$(inherited)",
				);
				GCC_WARN_64_TO_32_BIT_CONVERSION = YES;
				GCC_WARN_ABOUT_RETURN_TYPE = YES_ERROR;
				GCC_WARN_UNDECLARED_SELECTOR = YES;
				GCC_WARN_UNINITIALIZED_AUTOS = YES_AGGRESSIVE;
				GCC_WARN_UNUSED_FUNCTION = YES;
				GCC_WARN_UNUSED_VARIABLE = YES;
				IPHONEOS_DEPLOYMENT_TARGET = 13.2;
				MTL_ENABLE_DEBUG_INFO = INCLUDE_SOURCE;
				MTL_FAST_MATH = YES;
				ONLY_ACTIVE_ARCH = YES;
				SDKROOT = iphoneos;
				SWIFT_ACTIVE_COMPILATION_CONDITIONS = DEBUG;
				SWIFT_OPTIMIZATION_LEVEL = "-Onone";
			};
			name = Debug;
		};
		5BBEA10223E31161003AE224 /* Release */ = {
			isa = XCBuildConfiguration;
			buildSettings = {
				ALWAYS_SEARCH_USER_PATHS = NO;
				CLANG_ANALYZER_NONNULL = YES;
				CLANG_ANALYZER_NUMBER_OBJECT_CONVERSION = YES_AGGRESSIVE;
				CLANG_CXX_LANGUAGE_STANDARD = "gnu++14";
				CLANG_CXX_LIBRARY = "libc++";
				CLANG_ENABLE_MODULES = YES;
				CLANG_ENABLE_OBJC_ARC = YES;
				CLANG_ENABLE_OBJC_WEAK = YES;
				CLANG_WARN_BLOCK_CAPTURE_AUTORELEASING = YES;
				CLANG_WARN_BOOL_CONVERSION = YES;
				CLANG_WARN_COMMA = YES;
				CLANG_WARN_CONSTANT_CONVERSION = YES;
				CLANG_WARN_DEPRECATED_OBJC_IMPLEMENTATIONS = YES;
				CLANG_WARN_DIRECT_OBJC_ISA_USAGE = YES_ERROR;
				CLANG_WARN_DOCUMENTATION_COMMENTS = YES;
				CLANG_WARN_EMPTY_BODY = YES;
				CLANG_WARN_ENUM_CONVERSION = YES;
				CLANG_WARN_INFINITE_RECURSION = YES;
				CLANG_WARN_INT_CONVERSION = YES;
				CLANG_WARN_NON_LITERAL_NULL_CONVERSION = YES;
				CLANG_WARN_OBJC_IMPLICIT_RETAIN_SELF = YES;
				CLANG_WARN_OBJC_LITERAL_CONVERSION = YES;
				CLANG_WARN_OBJC_ROOT_CLASS = YES_ERROR;
				CLANG_WARN_RANGE_LOOP_ANALYSIS = YES;
				CLANG_WARN_STRICT_PROTOTYPES = YES;
				CLANG_WARN_SUSPICIOUS_MOVE = YES;
				CLANG_WARN_UNGUARDED_AVAILABILITY = YES_AGGRESSIVE;
				CLANG_WARN_UNREACHABLE_CODE = YES;
				CLANG_WARN__DUPLICATE_METHOD_MATCH = YES;
				COPY_PHASE_STRIP = NO;
				DEBUG_INFORMATION_FORMAT = "dwarf-with-dsym";
				ENABLE_NS_ASSERTIONS = NO;
				ENABLE_STRICT_OBJC_MSGSEND = YES;
				GCC_C_LANGUAGE_STANDARD = gnu11;
				GCC_NO_COMMON_BLOCKS = YES;
				GCC_WARN_64_TO_32_BIT_CONVERSION = YES;
				GCC_WARN_ABOUT_RETURN_TYPE = YES_ERROR;
				GCC_WARN_UNDECLARED_SELECTOR = YES;
				GCC_WARN_UNINITIALIZED_AUTOS = YES_AGGRESSIVE;
				GCC_WARN_UNUSED_FUNCTION = YES;
				GCC_WARN_UNUSED_VARIABLE = YES;
				IPHONEOS_DEPLOYMENT_TARGET = 13.2;
				MTL_ENABLE_DEBUG_INFO = NO;
				MTL_FAST_MATH = YES;
				SDKROOT = iphoneos;
				SWIFT_COMPILATION_MODE = wholemodule;
				SWIFT_OPTIMIZATION_LEVEL = "-O";
				VALIDATE_PRODUCT = YES;
			};
			name = Release;
		};
		5BBEA10423E31161003AE224 /* Debug */ = {
			isa = XCBuildConfiguration;
			buildSettings = {
				ASSETCATALOG_COMPILER_APPICON_NAME = AppIcon;
				CODE_SIGN_STYLE = Automatic;
				DEVELOPMENT_TEAM = Q7F537864B;
				INFOPLIST_FILE = tableView/Info.plist;
				IPHONEOS_DEPLOYMENT_TARGET = 13.0;
				LD_RUNPATH_SEARCH_PATHS = (
					"$(inherited)",
					"@executable_path/Frameworks",
				);
				PRODUCT_BUNDLE_IDENTIFIER = "Amardeep-Singh";
				PRODUCT_NAME = "$(TARGET_NAME)";
				SWIFT_VERSION = 5.0;
				TARGETED_DEVICE_FAMILY = "1,2";
			};
			name = Debug;
		};
		5BBEA10523E31161003AE224 /* Release */ = {
			isa = XCBuildConfiguration;
			buildSettings = {
				ASSETCATALOG_COMPILER_APPICON_NAME = AppIcon;
				CODE_SIGN_STYLE = Automatic;
				DEVELOPMENT_TEAM = Q7F537864B;
				INFOPLIST_FILE = tableView/Info.plist;
				IPHONEOS_DEPLOYMENT_TARGET = 13.0;
				LD_RUNPATH_SEARCH_PATHS = (
					"$(inherited)",
					"@executable_path/Frameworks",
				);
				PRODUCT_BUNDLE_IDENTIFIER = "Amardeep-Singh";
				PRODUCT_NAME = "$(TARGET_NAME)";
				SWIFT_VERSION = 5.0;
				TARGETED_DEVICE_FAMILY = "1,2";
			};
			name = Release;
		};
/* End XCBuildConfiguration section */

/* Begin XCConfigurationList section */
		5BBEA0EA23E31159003AE224 /* Build configuration list for PBXProject "tableView" */ = {
			isa = XCConfigurationList;
			buildConfigurations = (
				5BBEA10123E31161003AE224 /* Debug */,
				5BBEA10223E31161003AE224 /* Release */,
			);
			defaultConfigurationIsVisible = 0;
			defaultConfigurationName = Release;
		};
		5BBEA10323E31161003AE224 /* Build configuration list for PBXNativeTarget "tableView" */ = {
			isa = XCConfigurationList;
			buildConfigurations = (
				5BBEA10423E31161003AE224 /* Debug */,
				5BBEA10523E31161003AE224 /* Release */,
			);
			defaultConfigurationIsVisible = 0;
			defaultConfigurationName = Release;
		};
/* End XCConfigurationList section */
	};
	rootObject = 5BBEA0E723E31159003AE224 /* Project object */;
}
